
Microsoft Visual Studio Solution File, Format Version 12.00
# Visual Studio Version 17
VisualStudioVersion = 17.13.35913.81 d17.13
MinimumVisualStudioVersion = 10.0.40219.1
Project("{FAE04EC0-301F-11D3-BF4B-00C04F79EFBC}") = "ZegarWPF", "ZegarWPF\ZegarWPF.csproj", "{24B08599-248B-42F2-8CAB-A735469F8B9B}"
EndProject
Global
	GlobalSection(SolutionConfigurationPlatforms) = preSolution
		Debug|Any CPU = Debug|Any CPU
		Release|Any CPU = Release|Any CPU
	EndGlobalSection
	GlobalSection(ProjectConfigurationPlatforms) = postSolution
		{24B08599-248B-42F2-8CAB-A735469F8B9B}.Debug|Any CPU.ActiveCfg = Debug|Any CPU
		{24B08599-248B-42F2-8CAB-A735469F8B9B}.Debug|Any CPU.Build.0 = Debug|Any CPU
		{24B08599-248B-42F2-8CAB-A735469F8B9B}.Release|Any CPU.ActiveCfg = Release|Any CPU
		{24B08599-248B-42F2-8CAB-A735469F8B9B}.Release|Any CPU.Build.0 = Release|Any CPU
	EndGlobalSection
	GlobalSection(SolutionProperties) = preSolution
		HideSolutionNode = FALSE
	EndGlobalSection
	GlobalSection(ExtensibilityGlobals) = postSolution
		SolutionGuid = {17C22DA3-8C18-43EF-89D0-79238FA0DC7B}
	EndGlobalSection
EndGlobal
